<?xml version="1.0" encoding="utf-8"?>
<Project ToolsVersion="4.0" xmlns="http://schemas.microsoft.com/developer/msbuild/2003">
  <ItemGroup>
    <Filter Include="资源文件">
      <UniqueIdentifier>{67DA6AB6-F800-4c08-8B7A-83BB121AAD01}</UniqueIdentifier>
      <Extensions>rc;ico;cur;bmp;dlg;rc2;rct;bin;rgs;gif;jpg;jpeg;jpe;resx;tiff;tif;png;wav;mfcribbon-ms</Extensions>
    </Filter>
    <Filter Include="System">
      <UniqueIdentifier>{6c6137af-8fdf-4a78-be40-756bc2d17823}</UniqueIdentifier>
    </Filter>
    <Filter Include="System\System include">
      <UniqueIdentifier>{49fac14f-9cb1-4107-987d-536dd77eb3e0}</UniqueIdentifier>
    </Filter>
    <Filter Include="Core">
      <UniqueIdentifier>{88a93344-f8ab-4316-905d-5cd126967c7a}</UniqueIdentifier>
    </Filter>
    <Filter Include="Core\Core include">
      <UniqueIdentifier>{4eb820dc-f73f-4cf6-9b13-1d2888a60d11}</UniqueIdentifier>
    </Filter>
    <Filter Include="UI">
      <UniqueIdentifier>{ef58d298-2f4f-4358-a106-cd2783bc43d8}</UniqueIdentifier>
    </Filter>
    <Filter Include="UI\UI Include">
      <UniqueIdentifier>{36a09d6e-ac41-4414-81d6-4ca8573b0d88}</UniqueIdentifier>
    </Filter>
    <Filter Include="UI\UI Source">
      <UniqueIdentifier>{d37bac58-e2f7-4ec8-8589-b7666c98f359}</UniqueIdentifier>
    </Filter>
    <Filter Include="Math">
      <UniqueIdentifier>{713e6809-a256-4a71-8e4d-a6d8b9cacfca}</UniqueIdentifier>
    </Filter>
    <Filter Include="Math\Math Include">
      <UniqueIdentifier>{4469efab-cea8-4184-9d35-e1832d350557}</UniqueIdentifier>
    </Filter>
    <Filter Include="Math\Math Source">
      <UniqueIdentifier>{fb64c602-959b-4ad3-bf0e-4dca310f3d74}</UniqueIdentifier>
    </Filter>
    <Filter Include="Database">
      <UniqueIdentifier>{2d98aeaf-cb36-4992-8adb-1513ffc17f06}</UniqueIdentifier>
    </Filter>
    <Filter Include="Database\Database Include">
      <UniqueIdentifier>{86397f24-4eb2-4b63-aee0-d52e95ba5c0e}</UniqueIdentifier>
    </Filter>
    <Filter Include="Script">
      <UniqueIdentifier>{09665ae7-1e93-42a0-82f5-b4e999c8d67b}</UniqueIdentifier>
    </Filter>
    <Filter Include="Script\Script Include">
      <UniqueIdentifier>{8021b397-f9f1-496f-b9d7-99bc8b2cbb04}</UniqueIdentifier>
    </Filter>
    <Filter Include="Script\Script Source">
      <UniqueIdentifier>{2063bc50-78f4-426f-9439-cc13cc536d8a}</UniqueIdentifier>
    </Filter>
    <Filter Include="System\System Source">
      <UniqueIdentifier>{c557ef39-7aef-4200-bffb-6e3dee96a241}</UniqueIdentifier>
    </Filter>
    <Filter Include="Memory">
      <UniqueIdentifier>{845438ed-f587-41a2-ae04-5d1e04b417e3}</UniqueIdentifier>
    </Filter>
    <Filter Include="Memory\Memory Source">
      <UniqueIdentifier>{268a9749-ecf2-4b6d-a98e-6024d0fa7838}</UniqueIdentifier>
    </Filter>
    <Filter Include="Memory\Memory Include">
      <UniqueIdentifier>{950cb348-3bf3-471a-a21e-1a5945f0c975}</UniqueIdentifier>
    </Filter>
    <Filter Include="Test">
      <UniqueIdentifier>{dc3b6a29-3e55-422c-b8cb-e60e2eb5cc72}</UniqueIdentifier>
    </Filter>
  </ItemGroup>
  <ItemGroup>
    <ClInclude Include="Mend.h">
      <Filter>System\System include</Filter>
    </ClInclude>
    <ClInclude Include="MendTypes.h">
      <Filter>Core\Core include</Filter>
    </ClInclude>
    <ClInclude Include="MendMath.h">
      <Filter>Math\Math Include</Filter>
    </ClInclude>
    <ClInclude Include="MendButton.h">
      <Filter>UI\UI Include</Filter>
    </ClInclude>
    <ClInclude Include="defines.h">
      <Filter>System\System include</Filter>
    </ClInclude>
    <ClInclude Include="engine.h">
      <Filter>System\System include</Filter>
    </ClInclude>
    <ClInclude Include="MendDB.h">
      <Filter>Database\Database Include</Filter>
    </ClInclude>
    <ClInclude Include="MendIScript.h">
      <Filter>Script\Script Include</Filter>
    </ClInclude>
    <ClInclude Include="MendCScript.h">
      <Filter>Script\Script Include</Filter>
    </ClInclude>
    <ClInclude Include="MendCMemory.h">
      <Filter>Memory\Memory Include</Filter>
    </ClInclude>
    <ClInclude Include="MendObject.h">
      <Filter>Core\Core include</Filter>
    </ClInclude>
  </ItemGroup>
  <ItemGroup>
    <ClCompile Include="MendCScript.cpp">
      <Filter>Script\Script Source</Filter>
    </ClCompile>
    <ClCompile Include="engine.cpp">
      <Filter>System\System Source</Filter>
    </ClCompile>
    <ClCompile Include="MendCMemory.cpp">
      <Filter>Memory\Memory Source</Filter>
    </ClCompile>
    <ClCompile Include="test.cpp">
      <Filter>Test</Filter>
    </ClCompile>
  </ItemGroup>
</Project>