<?xml version="1.0" encoding="utf-8"?>
<Project ToolsVersion="4.0" xmlns="http://schemas.microsoft.com/developer/msbuild/2003">
  <ItemGroup>
    <Filter Include="资源文件">
      <UniqueIdentifier>{67DA6AB6-F800-4c08-8B7A-83BB121AAD01}</UniqueIdentifier>
      <Extensions>rc;ico;cur;bmp;dlg;rc2;rct;bin;rgs;gif;jpg;jpeg;jpe;resx;tiff;tif;png;wav;mfcribbon-ms</Extensions>
    </Filter>
    <Filter Include="System">
      <UniqueIdentifier>{6c6137af-8fdf-4a78-be40-756bc2d17823}</UniqueIdentifier>
    </Filter>
    <Filter Include="System\System include">
      <UniqueIdentifier>{49fac14f-9cb1-4107-987d-536dd77eb3e0}</UniqueIdentifier>
    </Filter>
    <Filter Include="Core">
      <UniqueIdentifier>{88a93344-f8ab-4316-905d-5cd126967c7a}</UniqueIdentifier>
    </Filter>
    <Filter Include="Core\Core include">
      <UniqueIdentifier>{4eb820dc-f73f-4cf6-9b13-1d2888a60d11}</UniqueIdentifier>
    </Filter>
    <Filter Include="UI">
      <UniqueIdentifier>{ef58d298-2f4f-4358-a106-cd2783bc43d8}</UniqueIdentifier>
    </Filter>
    <Filter Include="UI\UI Include">
      <UniqueIdentifier>{36a09d6e-ac41-4414-81d6-4ca8573b0d88}</UniqueIdentifier>
    </Filter>
    <Filter Include="UI\UI Source">
      <UniqueIdentifier>{d37bac58-e2f7-4ec8-8589-b7666c98f359}</UniqueIdentifier>
    </Filter>
    <Filter Include="Math">
      <UniqueIdentifier>{713e6809-a256-4a71-8e4d-a6d8b9cacfca}</UniqueIdentifier>
    </Filter>
    <Filter Include="Math\Math Include">
      <UniqueIdentifier>{4469efab-cea8-4184-9d35-e1832d350557}</UniqueIdentifier>
    </Filter>
    <Filter Include="Math\Math Source">
      <UniqueIdentifier>{fb64c602-959b-4ad3-bf0e-4dca310f3d74}</UniqueIdentifier>
    </Filter>
  </ItemGroup>
  <ItemGroup>
    <ClInclude Include="Mend.h">
      <Filter>System\System include</Filter>
    </ClInclude>
    <ClInclude Include="MendTypes.h">
      <Filter>Core\Core include</Filter>
    </ClInclude>
    <ClInclude Include="MendMath.h">
      <Filter>Math\Math Include</Filter>
    </ClInclude>
    <ClInclude Include="MendButton.h">
      <Filter>UI\UI Include</Filter>
    </ClInclude>
  </ItemGroup>
</Project>